// !$*UTF8*$!
{
	archiveVersion = 1;
	classes = {
	};
	objectVersion = 46;
	objects = {

/* Begin PBXBuildFile section */
		B85FA9B41A7ED5CE00147481 /* Map.swift in Sources */ = {isa = PBXBuildFile; fileRef = B85FA9B31A7ED5CE00147481 /* Map.swift */; };
		B86E33AA1A7EB518006DE975 /* GoogleMaps.framework in Frameworks */ = {isa = PBXBuildFile; fileRef = B86E33A91A7EB518006DE975 /* GoogleMaps.framework */; };
		B86E33AB1A7EB518006DE975 /* GoogleMaps.framework in Frameworks */ = {isa = PBXBuildFile; fileRef = B86E33A91A7EB518006DE975 /* GoogleMaps.framework */; };
		B86E33AD1A7EB5F6006DE975 /* AVFoundation.framework in Frameworks */ = {isa = PBXBuildFile; fileRef = B86E33AC1A7EB5F6006DE975 /* AVFoundation.framework */; };
		B86E33AF1A7EB5FC006DE975 /* CoreData.framework in Frameworks */ = {isa = PBXBuildFile; fileRef = B86E33AE1A7EB5FC006DE975 /* CoreData.framework */; };
		B86E33B11A7EB605006DE975 /* CoreLocation.framework in Frameworks */ = {isa = PBXBuildFile; fileRef = B86E33B01A7EB605006DE975 /* CoreLocation.framework */; };
		B86E33B31A7EB60D006DE975 /* CoreText.framework in Frameworks */ = {isa = PBXBuildFile; fileRef = B86E33B21A7EB60D006DE975 /* CoreText.framework */; };
		B86E33B51A7EB613006DE975 /* GLKit.framework in Frameworks */ = {isa = PBXBuildFile; fileRef = B86E33B41A7EB613006DE975 /* GLKit.framework */; };
		B86E33B71A7EB619006DE975 /* ImageIO.framework in Frameworks */ = {isa = PBXBuildFile; fileRef = B86E33B61A7EB619006DE975 /* ImageIO.framework */; };
		B86E33B91A7EB628006DE975 /* libc++.dylib in Frameworks */ = {isa = PBXBuildFile; fileRef = B86E33B81A7EB628006DE975 /* libc++.dylib */; };
		B86E33BB1A7EB63C006DE975 /* libicucore.dylib in Frameworks */ = {isa = PBXBuildFile; fileRef = B86E33BA1A7EB63B006DE975 /* libicucore.dylib */; };
		B86E33BD1A7EB647006DE975 /* libz.dylib in Frameworks */ = {isa = PBXBuildFile; fileRef = B86E33BC1A7EB647006DE975 /* libz.dylib */; };
		B86E33BF1A7EB64E006DE975 /* OpenGLES.framework in Frameworks */ = {isa = PBXBuildFile; fileRef = B86E33BE1A7EB64E006DE975 /* OpenGLES.framework */; };
		B86E33C11A7EB655006DE975 /* QuartzCore.framework in Frameworks */ = {isa = PBXBuildFile; fileRef = B86E33C01A7EB655006DE975 /* QuartzCore.framework */; };
		B86E33C31A7EB660006DE975 /* SystemConfiguration.framework in Frameworks */ = {isa = PBXBuildFile; fileRef = B86E33C21A7EB660006DE975 /* SystemConfiguration.framework */; };
		B86E33CA1A7EBC25006DE975 /* GoogleMaps.bundle in Resources */ = {isa = PBXBuildFile; fileRef = B86E33C91A7EBC25006DE975 /* GoogleMaps.bundle */; };
		B86E33CB1A7EBC25006DE975 /* GoogleMaps.bundle in Resources */ = {isa = PBXBuildFile; fileRef = B86E33C91A7EBC25006DE975 /* GoogleMaps.bundle */; };
		B871EE1C1A8001BC008C539C /* SwiftyJSON.swift in Sources */ = {isa = PBXBuildFile; fileRef = B871EE1B1A8001BC008C539C /* SwiftyJSON.swift */; };
		B87CEEF61A87AE0B00E3DEA0 /* bg.png in Resources */ = {isa = PBXBuildFile; fileRef = B87CEEF51A87AE0B00E3DEA0 /* bg.png */; };
		B8C027E51A81806B003BAB3F /* logo.png in Resources */ = {isa = PBXBuildFile; fileRef = B8C027E31A81806B003BAB3F /* logo.png */; };
		B8C027E61A81806B003BAB3F /* logo.svg in Resources */ = {isa = PBXBuildFile; fileRef = B8C027E41A81806B003BAB3F /* logo.svg */; };
		B8C027E91A818715003BAB3F /* MainViewController.swift in Sources */ = {isa = PBXBuildFile; fileRef = B8C027E81A818715003BAB3F /* MainViewController.swift */; };
		B8D190B91A7EA1170063C36C /* AppDelegate.swift in Sources */ = {isa = PBXBuildFile; fileRef = B8D190B81A7EA1170063C36C /* AppDelegate.swift */; };
		B8D190BC1A7EA1170063C36C /* ios_tankuje_app.xcdatamodeld in Sources */ = {isa = PBXBuildFile; fileRef = B8D190BA1A7EA1170063C36C /* ios_tankuje_app.xcdatamodeld */; };
		B8D190C11A7EA1170063C36C /* Main.storyboard in Resources */ = {isa = PBXBuildFile; fileRef = B8D190BF1A7EA1170063C36C /* Main.storyboard */; };
		B8D190C31A7EA1170063C36C /* Images.xcassets in Resources */ = {isa = PBXBuildFile; fileRef = B8D190C21A7EA1170063C36C /* Images.xcassets */; };
		B8D190C61A7EA1170063C36C /* LaunchScreen.xib in Resources */ = {isa = PBXBuildFile; fileRef = B8D190C41A7EA1170063C36C /* LaunchScreen.xib */; };
		B8D190D21A7EA1170063C36C /* ios_tankuje_appTests.swift in Sources */ = {isa = PBXBuildFile; fileRef = B8D190D11A7EA1170063C36C /* ios_tankuje_appTests.swift */; };
		B8DDA4E01A896A1700344429 /* orlen.png in Resources */ = {isa = PBXBuildFile; fileRef = B8DDA4DF1A896A1700344429 /* orlen.png */; };
		B8DDA4E31A896DA000344429 /* bp.png in Resources */ = {isa = PBXBuildFile; fileRef = B8DDA4E11A896DA000344429 /* bp.png */; };
		B8DDA4E41A896DA000344429 /* lotos.png in Resources */ = {isa = PBXBuildFile; fileRef = B8DDA4E21A896DA000344429 /* lotos.png */; };
/* End PBXBuildFile section */

/* Begin PBXContainerItemProxy section */
		B8D190CC1A7EA1170063C36C /* PBXContainerItemProxy */ = {
			isa = PBXContainerItemProxy;
			containerPortal = B8D190AB1A7EA1170063C36C /* Project object */;
			proxyType = 1;
			remoteGlobalIDString = B8D190B21A7EA1170063C36C;
			remoteInfo = ios_tankuje_app;
		};
/* End PBXContainerItemProxy section */

/* Begin PBXFileReference section */
		B85FA9B31A7ED5CE00147481 /* Map.swift */ = {isa = PBXFileReference; fileEncoding = 4; lastKnownFileType = sourcecode.swift; path = Map.swift; sourceTree = "<group>"; };
		B86E33A91A7EB518006DE975 /* GoogleMaps.framework */ = {isa = PBXFileReference; lastKnownFileType = wrapper.framework; path = GoogleMaps.framework; sourceTree = "<group>"; };
		B86E33AC1A7EB5F6006DE975 /* AVFoundation.framework */ = {isa = PBXFileReference; lastKnownFileType = wrapper.framework; name = AVFoundation.framework; path = System/Library/Frameworks/AVFoundation.framework; sourceTree = SDKROOT; };
		B86E33AE1A7EB5FC006DE975 /* CoreData.framework */ = {isa = PBXFileReference; lastKnownFileType = wrapper.framework; name = CoreData.framework; path = System/Library/Frameworks/CoreData.framework; sourceTree = SDKROOT; };
		B86E33B01A7EB605006DE975 /* CoreLocation.framework */ = {isa = PBXFileReference; lastKnownFileType = wrapper.framework; name = CoreLocation.framework; path = System/Library/Frameworks/CoreLocation.framework; sourceTree = SDKROOT; };
		B86E33B21A7EB60D006DE975 /* CoreText.framework */ = {isa = PBXFileReference; lastKnownFileType = wrapper.framework; name = CoreText.framework; path = System/Library/Frameworks/CoreText.framework; sourceTree = SDKROOT; };
		B86E33B41A7EB613006DE975 /* GLKit.framework */ = {isa = PBXFileReference; lastKnownFileType = wrapper.framework; name = GLKit.framework; path = System/Library/Frameworks/GLKit.framework; sourceTree = SDKROOT; };
		B86E33B61A7EB619006DE975 /* ImageIO.framework */ = {isa = PBXFileReference; lastKnownFileType = wrapper.framework; name = ImageIO.framework; path = System/Library/Frameworks/ImageIO.framework; sourceTree = SDKROOT; };
		B86E33B81A7EB628006DE975 /* libc++.dylib */ = {isa = PBXFileReference; lastKnownFileType = "compiled.mach-o.dylib"; name = "libc++.dylib"; path = "usr/lib/libc++.dylib"; sourceTree = SDKROOT; };
		B86E33BA1A7EB63B006DE975 /* libicucore.dylib */ = {isa = PBXFileReference; lastKnownFileType = "compiled.mach-o.dylib"; name = libicucore.dylib; path = usr/lib/libicucore.dylib; sourceTree = SDKROOT; };
		B86E33BC1A7EB647006DE975 /* libz.dylib */ = {isa = PBXFileReference; lastKnownFileType = "compiled.mach-o.dylib"; name = libz.dylib; path = usr/lib/libz.dylib; sourceTree = SDKROOT; };
		B86E33BE1A7EB64E006DE975 /* OpenGLES.framework */ = {isa = PBXFileReference; lastKnownFileType = wrapper.framework; name = OpenGLES.framework; path = System/Library/Frameworks/OpenGLES.framework; sourceTree = SDKROOT; };
		B86E33C01A7EB655006DE975 /* QuartzCore.framework */ = {isa = PBXFileReference; lastKnownFileType = wrapper.framework; name = QuartzCore.framework; path = System/Library/Frameworks/QuartzCore.framework; sourceTree = SDKROOT; };
		B86E33C21A7EB660006DE975 /* SystemConfiguration.framework */ = {isa = PBXFileReference; lastKnownFileType = wrapper.framework; name = SystemConfiguration.framework; path = System/Library/Frameworks/SystemConfiguration.framework; sourceTree = SDKROOT; };
		B86E33C41A7EBAB7006DE975 /* ios_tankuje_app-Bridging-Header.h */ = {isa = PBXFileReference; lastKnownFileType = sourcecode.c.h; path = "ios_tankuje_app-Bridging-Header.h"; sourceTree = "<group>"; };
		B86E33C51A7EBAB7006DE975 /* ios_tankuje_appTests-Bridging-Header.h */ = {isa = PBXFileReference; lastKnownFileType = sourcecode.c.h; path = "ios_tankuje_appTests-Bridging-Header.h"; sourceTree = "<group>"; };
		B86E33C91A7EBC25006DE975 /* GoogleMaps.bundle */ = {isa = PBXFileReference; lastKnownFileType = "wrapper.plug-in"; name = GoogleMaps.bundle; path = GoogleMaps.framework/Versions/A/Resources/GoogleMaps.bundle; sourceTree = "<group>"; };
		B871EE1B1A8001BC008C539C /* SwiftyJSON.swift */ = {isa = PBXFileReference; fileEncoding = 4; lastKnownFileType = sourcecode.swift; path = SwiftyJSON.swift; sourceTree = "<group>"; };
		B87CEEF51A87AE0B00E3DEA0 /* bg.png */ = {isa = PBXFileReference; lastKnownFileType = image.png; path = bg.png; sourceTree = "<group>"; };
		B8C027E31A81806B003BAB3F /* logo.png */ = {isa = PBXFileReference; lastKnownFileType = image.png; path = logo.png; sourceTree = "<group>"; };
		B8C027E41A81806B003BAB3F /* logo.svg */ = {isa = PBXFileReference; fileEncoding = 4; lastKnownFileType = text.xml; path = logo.svg; sourceTree = "<group>"; };
		B8C027E81A818715003BAB3F /* MainViewController.swift */ = {isa = PBXFileReference; fileEncoding = 4; lastKnownFileType = sourcecode.swift; path = MainViewController.swift; sourceTree = "<group>"; };
		B8D190B31A7EA1170063C36C /* ios_tankuje_app.app */ = {isa = PBXFileReference; explicitFileType = wrapper.application; includeInIndex = 0; path = ios_tankuje_app.app; sourceTree = BUILT_PRODUCTS_DIR; };
		B8D190B71A7EA1170063C36C /* Info.plist */ = {isa = PBXFileReference; lastKnownFileType = text.plist.xml; path = Info.plist; sourceTree = "<group>"; };
		B8D190B81A7EA1170063C36C /* AppDelegate.swift */ = {isa = PBXFileReference; lastKnownFileType = sourcecode.swift; path = AppDelegate.swift; sourceTree = "<group>"; };
		B8D190BB1A7EA1170063C36C /* ios_tankuje_app.xcdatamodel */ = {isa = PBXFileReference; lastKnownFileType = wrapper.xcdatamodel; path = ios_tankuje_app.xcdatamodel; sourceTree = "<group>"; };
		B8D190C01A7EA1170063C36C /* Base */ = {isa = PBXFileReference; lastKnownFileType = file.storyboard; name = Base; path = Base.lproj/Main.storyboard; sourceTree = "<group>"; };
		B8D190C21A7EA1170063C36C /* Images.xcassets */ = {isa = PBXFileReference; lastKnownFileType = folder.assetcatalog; path = Images.xcassets; sourceTree = "<group>"; };
		B8D190C51A7EA1170063C36C /* Base */ = {isa = PBXFileReference; lastKnownFileType = file.xib; name = Base; path = Base.lproj/LaunchScreen.xib; sourceTree = "<group>"; };
		B8D190CB1A7EA1170063C36C /* ios_tankuje_appTests.xctest */ = {isa = PBXFileReference; explicitFileType = wrapper.cfbundle; includeInIndex = 0; path = ios_tankuje_appTests.xctest; sourceTree = BUILT_PRODUCTS_DIR; };
		B8D190D01A7EA1170063C36C /* Info.plist */ = {isa = PBXFileReference; lastKnownFileType = text.plist.xml; path = Info.plist; sourceTree = "<group>"; };
		B8D190D11A7EA1170063C36C /* ios_tankuje_appTests.swift */ = {isa = PBXFileReference; lastKnownFileType = sourcecode.swift; path = ios_tankuje_appTests.swift; sourceTree = "<group>"; };
		B8DDA4CC1A87F94B00344429 /* Lato-Black.ttf */ = {isa = PBXFileReference; lastKnownFileType = file; path = "Lato-Black.ttf"; sourceTree = "<group>"; };
		B8DDA4CD1A87F94B00344429 /* Lato-BlackItalic.ttf */ = {isa = PBXFileReference; lastKnownFileType = file; path = "Lato-BlackItalic.ttf"; sourceTree = "<group>"; };
		B8DDA4CE1A87F94B00344429 /* Lato-Bold.ttf */ = {isa = PBXFileReference; lastKnownFileType = file; path = "Lato-Bold.ttf"; sourceTree = "<group>"; };
		B8DDA4CF1A87F94B00344429 /* Lato-BoldItalic.ttf */ = {isa = PBXFileReference; lastKnownFileType = file; path = "Lato-BoldItalic.ttf"; sourceTree = "<group>"; };
		B8DDA4D01A87F94B00344429 /* Lato-Hairline.ttf */ = {isa = PBXFileReference; lastKnownFileType = file; path = "Lato-Hairline.ttf"; sourceTree = "<group>"; };
		B8DDA4D11A87F94B00344429 /* Lato-HairlineItalic.ttf */ = {isa = PBXFileReference; lastKnownFileType = file; path = "Lato-HairlineItalic.ttf"; sourceTree = "<group>"; };
		B8DDA4D21A87F94B00344429 /* Lato-Heavy.ttf */ = {isa = PBXFileReference; lastKnownFileType = file; path = "Lato-Heavy.ttf"; sourceTree = "<group>"; };
		B8DDA4D31A87F94B00344429 /* Lato-HeavyItalic.ttf */ = {isa = PBXFileReference; lastKnownFileType = file; path = "Lato-HeavyItalic.ttf"; sourceTree = "<group>"; };
		B8DDA4D41A87F94B00344429 /* Lato-Italic.ttf */ = {isa = PBXFileReference; lastKnownFileType = file; path = "Lato-Italic.ttf"; sourceTree = "<group>"; };
		B8DDA4D51A87F94B00344429 /* Lato-Light.ttf */ = {isa = PBXFileReference; lastKnownFileType = file; path = "Lato-Light.ttf"; sourceTree = "<group>"; };
		B8DDA4D61A87F94B00344429 /* Lato-LightItalic.ttf */ = {isa = PBXFileReference; lastKnownFileType = file; path = "Lato-LightItalic.ttf"; sourceTree = "<group>"; };
		B8DDA4D71A87F94B00344429 /* Lato-Medium.ttf */ = {isa = PBXFileReference; lastKnownFileType = file; path = "Lato-Medium.ttf"; sourceTree = "<group>"; };
		B8DDA4D81A87F94B00344429 /* Lato-MediumItalic.ttf */ = {isa = PBXFileReference; lastKnownFileType = file; path = "Lato-MediumItalic.ttf"; sourceTree = "<group>"; };
		B8DDA4D91A87F94B00344429 /* Lato-Regular.ttf */ = {isa = PBXFileReference; lastKnownFileType = file; path = "Lato-Regular.ttf"; sourceTree = "<group>"; };
		B8DDA4DA1A87F94B00344429 /* Lato-Semibold.ttf */ = {isa = PBXFileReference; lastKnownFileType = file; path = "Lato-Semibold.ttf"; sourceTree = "<group>"; };
		B8DDA4DB1A87F94B00344429 /* Lato-SemiboldItalic.ttf */ = {isa = PBXFileReference; lastKnownFileType = file; path = "Lato-SemiboldItalic.ttf"; sourceTree = "<group>"; };
		B8DDA4DC1A87F94B00344429 /* Lato-Thin.ttf */ = {isa = PBXFileReference; lastKnownFileType = file; path = "Lato-Thin.ttf"; sourceTree = "<group>"; };
		B8DDA4DD1A87F94B00344429 /* Lato-ThinItalic.ttf */ = {isa = PBXFileReference; lastKnownFileType = file; path = "Lato-ThinItalic.ttf"; sourceTree = "<group>"; };
		B8DDA4DF1A896A1700344429 /* orlen.png */ = {isa = PBXFileReference; lastKnownFileType = image.png; path = orlen.png; sourceTree = "<group>"; };
		B8DDA4E11A896DA000344429 /* bp.png */ = {isa = PBXFileReference; lastKnownFileType = image.png; path = bp.png; sourceTree = "<group>"; };
		B8DDA4E21A896DA000344429 /* lotos.png */ = {isa = PBXFileReference; lastKnownFileType = image.png; path = lotos.png; sourceTree = "<group>"; };
/* End PBXFileReference section */

/* Begin PBXFrameworksBuildPhase section */
		B8D190B01A7EA1170063C36C /* Frameworks */ = {
			isa = PBXFrameworksBuildPhase;
			buildActionMask = 2147483647;
			files = (
				B86E33AD1A7EB5F6006DE975 /* AVFoundation.framework in Frameworks */,
				B86E33AF1A7EB5FC006DE975 /* CoreData.framework in Frameworks */,
				B86E33B11A7EB605006DE975 /* CoreLocation.framework in Frameworks */,
				B86E33B31A7EB60D006DE975 /* CoreText.framework in Frameworks */,
				B86E33B51A7EB613006DE975 /* GLKit.framework in Frameworks */,
				B86E33B71A7EB619006DE975 /* ImageIO.framework in Frameworks */,
				B86E33BF1A7EB64E006DE975 /* OpenGLES.framework in Frameworks */,
				B86E33C11A7EB655006DE975 /* QuartzCore.framework in Frameworks */,
				B86E33C31A7EB660006DE975 /* SystemConfiguration.framework in Frameworks */,
				B86E33BD1A7EB647006DE975 /* libz.dylib in Frameworks */,
				B86E33BB1A7EB63C006DE975 /* libicucore.dylib in Frameworks */,
				B86E33B91A7EB628006DE975 /* libc++.dylib in Frameworks */,
				B86E33AA1A7EB518006DE975 /* GoogleMaps.framework in Frameworks */,
			);
			runOnlyForDeploymentPostprocessing = 0;
		};
		B8D190C81A7EA1170063C36C /* Frameworks */ = {
			isa = PBXFrameworksBuildPhase;
			buildActionMask = 2147483647;
			files = (
				B86E33AB1A7EB518006DE975 /* GoogleMaps.framework in Frameworks */,
			);
			runOnlyForDeploymentPostprocessing = 0;
		};
/* End PBXFrameworksBuildPhase section */

/* Begin PBXGroup section */
		B86E33CF1A7EC287006DE975 /* Frameworks */ = {
			isa = PBXGroup;
			children = (
				B86E33C91A7EBC25006DE975 /* GoogleMaps.bundle */,
				B86E33C21A7EB660006DE975 /* SystemConfiguration.framework */,
				B86E33C01A7EB655006DE975 /* QuartzCore.framework */,
				B86E33BE1A7EB64E006DE975 /* OpenGLES.framework */,
				B86E33BC1A7EB647006DE975 /* libz.dylib */,
				B86E33BA1A7EB63B006DE975 /* libicucore.dylib */,
				B86E33B81A7EB628006DE975 /* libc++.dylib */,
				B86E33B61A7EB619006DE975 /* ImageIO.framework */,
				B86E33B41A7EB613006DE975 /* GLKit.framework */,
				B86E33B21A7EB60D006DE975 /* CoreText.framework */,
				B86E33B01A7EB605006DE975 /* CoreLocation.framework */,
				B86E33AE1A7EB5FC006DE975 /* CoreData.framework */,
				B86E33AC1A7EB5F6006DE975 /* AVFoundation.framework */,
				B86E33A91A7EB518006DE975 /* GoogleMaps.framework */,
			);
			name = Frameworks;
			sourceTree = "<group>";
		};
		B8C027E71A8180C6003BAB3F /* Assets */ = {
			isa = PBXGroup;
			children = (
				B87CEEF51A87AE0B00E3DEA0 /* bg.png */,
				B8C027E41A81806B003BAB3F /* logo.svg */,
			);
			name = Assets;
			sourceTree = "<group>";
		};
		B8D190AA1A7EA1170063C36C = {
			isa = PBXGroup;
			children = (
				B8DDA4DE1A896A1700344429 /* oilstation_logo */,
				B8DDA4CB1A87F93700344429 /* Fonts */,
				B8C027E31A81806B003BAB3F /* logo.png */,
				B8C027E71A8180C6003BAB3F /* Assets */,
				B86E33CF1A7EC287006DE975 /* Frameworks */,
				B8D190B51A7EA1170063C36C /* ios_tankuje_app */,
				B8D190CE1A7EA1170063C36C /* ios_tankuje_appTests */,
				B8D190B41A7EA1170063C36C /* Products */,
			);
			sourceTree = "<group>";
		};
		B8D190B41A7EA1170063C36C /* Products */ = {
			isa = PBXGroup;
			children = (
				B8D190B31A7EA1170063C36C /* ios_tankuje_app.app */,
				B8D190CB1A7EA1170063C36C /* ios_tankuje_appTests.xctest */,
			);
			name = Products;
			sourceTree = "<group>";
		};
		B8D190B51A7EA1170063C36C /* ios_tankuje_app */ = {
			isa = PBXGroup;
			children = (
				B8D190B81A7EA1170063C36C /* AppDelegate.swift */,
				B871EE1B1A8001BC008C539C /* SwiftyJSON.swift */,
				B8C027E81A818715003BAB3F /* MainViewController.swift */,
				B85FA9B31A7ED5CE00147481 /* Map.swift */,
				B8D190BF1A7EA1170063C36C /* Main.storyboard */,
				B8D190C21A7EA1170063C36C /* Images.xcassets */,
				B8D190C41A7EA1170063C36C /* LaunchScreen.xib */,
				B8D190BA1A7EA1170063C36C /* ios_tankuje_app.xcdatamodeld */,
				B8D190B61A7EA1170063C36C /* Supporting Files */,
				B86E33C41A7EBAB7006DE975 /* ios_tankuje_app-Bridging-Header.h */,
				B86E33C51A7EBAB7006DE975 /* ios_tankuje_appTests-Bridging-Header.h */,
			);
			path = ios_tankuje_app;
			sourceTree = "<group>";
		};
		B8D190B61A7EA1170063C36C /* Supporting Files */ = {
			isa = PBXGroup;
			children = (
				B8D190B71A7EA1170063C36C /* Info.plist */,
			);
			name = "Supporting Files";
			sourceTree = "<group>";
		};
		B8D190CE1A7EA1170063C36C /* ios_tankuje_appTests */ = {
			isa = PBXGroup;
			children = (
				B8D190D11A7EA1170063C36C /* ios_tankuje_appTests.swift */,
				B8D190CF1A7EA1170063C36C /* Supporting Files */,
			);
			path = ios_tankuje_appTests;
			sourceTree = "<group>";
		};
		B8D190CF1A7EA1170063C36C /* Supporting Files */ = {
			isa = PBXGroup;
			children = (
				B8D190D01A7EA1170063C36C /* Info.plist */,
			);
			name = "Supporting Files";
			sourceTree = "<group>";
		};
		B8DDA4CB1A87F93700344429 /* Fonts */ = {
			isa = PBXGroup;
			children = (
				B8DDA4CC1A87F94B00344429 /* Lato-Black.ttf */,
				B8DDA4CD1A87F94B00344429 /* Lato-BlackItalic.ttf */,
				B8DDA4CE1A87F94B00344429 /* Lato-Bold.ttf */,
				B8DDA4CF1A87F94B00344429 /* Lato-BoldItalic.ttf */,
				B8DDA4D01A87F94B00344429 /* Lato-Hairline.ttf */,
				B8DDA4D11A87F94B00344429 /* Lato-HairlineItalic.ttf */,
				B8DDA4D21A87F94B00344429 /* Lato-Heavy.ttf */,
				B8DDA4D31A87F94B00344429 /* Lato-HeavyItalic.ttf */,
				B8DDA4D41A87F94B00344429 /* Lato-Italic.ttf */,
				B8DDA4D51A87F94B00344429 /* Lato-Light.ttf */,
				B8DDA4D61A87F94B00344429 /* Lato-LightItalic.ttf */,
				B8DDA4D71A87F94B00344429 /* Lato-Medium.ttf */,
				B8DDA4D81A87F94B00344429 /* Lato-MediumItalic.ttf */,
				B8DDA4D91A87F94B00344429 /* Lato-Regular.ttf */,
				B8DDA4DA1A87F94B00344429 /* Lato-Semibold.ttf */,
				B8DDA4DB1A87F94B00344429 /* Lato-SemiboldItalic.ttf */,
				B8DDA4DC1A87F94B00344429 /* Lato-Thin.ttf */,
				B8DDA4DD1A87F94B00344429 /* Lato-ThinItalic.ttf */,
			);
			name = Fonts;
			sourceTree = "<group>";
		};
		B8DDA4DE1A896A1700344429 /* oilstation_logo */ = {
			isa = PBXGroup;
			children = (
				B8DDA4E11A896DA000344429 /* bp.png */,
				B8DDA4E21A896DA000344429 /* lotos.png */,
				B8DDA4DF1A896A1700344429 /* orlen.png */,
			);
			path = oilstation_logo;
			sourceTree = "<group>";
		};
/* End PBXGroup section */

/* Begin PBXNativeTarget section */
		B8D190B21A7EA1170063C36C /* ios_tankuje_app */ = {
			isa = PBXNativeTarget;
			buildConfigurationList = B8D190D51A7EA1170063C36C /* Build configuration list for PBXNativeTarget "ios_tankuje_app" */;
			buildPhases = (
				B8D190AF1A7EA1170063C36C /* Sources */,
				B8D190B01A7EA1170063C36C /* Frameworks */,
				B8D190B11A7EA1170063C36C /* Resources */,
			);
			buildRules = (
			);
			dependencies = (
			);
			name = ios_tankuje_app;
			productName = ios_tankuje_app;
			productReference = B8D190B31A7EA1170063C36C /* ios_tankuje_app.app */;
			productType = "com.apple.product-type.application";
		};
		B8D190CA1A7EA1170063C36C /* ios_tankuje_appTests */ = {
			isa = PBXNativeTarget;
			buildConfigurationList = B8D190D81A7EA1170063C36C /* Build configuration list for PBXNativeTarget "ios_tankuje_appTests" */;
			buildPhases = (
				B8D190C71A7EA1170063C36C /* Sources */,
				B8D190C81A7EA1170063C36C /* Frameworks */,
				B8D190C91A7EA1170063C36C /* Resources */,
			);
			buildRules = (
			);
			dependencies = (
				B8D190CD1A7EA1170063C36C /* PBXTargetDependency */,
			);
			name = ios_tankuje_appTests;
			productName = ios_tankuje_appTests;
			productReference = B8D190CB1A7EA1170063C36C /* ios_tankuje_appTests.xctest */;
			productType = "com.apple.product-type.bundle.unit-test";
		};
/* End PBXNativeTarget section */

/* Begin PBXProject section */
		B8D190AB1A7EA1170063C36C /* Project object */ = {
			isa = PBXProject;
			attributes = {
				LastUpgradeCheck = 0610;
				ORGANIZATIONNAME = "Grzegorz Gurzeda";
				TargetAttributes = {
					B8D190B21A7EA1170063C36C = {
						CreatedOnToolsVersion = 6.1.1;
						DevelopmentTeam = 89566H2VD3;
						SystemCapabilities = {
							com.apple.Maps.iOS = {
								enabled = 0;
							};
						};
					};
					B8D190CA1A7EA1170063C36C = {
						CreatedOnToolsVersion = 6.1.1;
						TestTargetID = B8D190B21A7EA1170063C36C;
					};
				};
			};
			buildConfigurationList = B8D190AE1A7EA1170063C36C /* Build configuration list for PBXProject "ios_tankuje_app" */;
			compatibilityVersion = "Xcode 3.2";
			developmentRegion = English;
			hasScannedForEncodings = 0;
			knownRegions = (
				en,
				Base,
			);
			mainGroup = B8D190AA1A7EA1170063C36C;
			productRefGroup = B8D190B41A7EA1170063C36C /* Products */;
			projectDirPath = "";
			projectRoot = "";
			targets = (
				B8D190B21A7EA1170063C36C /* ios_tankuje_app */,
				B8D190CA1A7EA1170063C36C /* ios_tankuje_appTests */,
			);
		};
/* End PBXProject section */

/* Begin PBXResourcesBuildPhase section */
		B8D190B11A7EA1170063C36C /* Resources */ = {
			isa = PBXResourcesBuildPhase;
			buildActionMask = 2147483647;
			files = (
				B8D190C11A7EA1170063C36C /* Main.storyboard in Resources */,
				B8DDA4E41A896DA000344429 /* lotos.png in Resources */,
				B8C027E61A81806B003BAB3F /* logo.svg in Resources */,
				B8DDA4E31A896DA000344429 /* bp.png in Resources */,
				B8C027E51A81806B003BAB3F /* logo.png in Resources */,
				B8D190C61A7EA1170063C36C /* LaunchScreen.xib in Resources */,
				B8DDA4E01A896A1700344429 /* orlen.png in Resources */,
				B87CEEF61A87AE0B00E3DEA0 /* bg.png in Resources */,
				B8D190C31A7EA1170063C36C /* Images.xcassets in Resources */,
				B86E33CA1A7EBC25006DE975 /* GoogleMaps.bundle in Resources */,
			);
			runOnlyForDeploymentPostprocessing = 0;
		};
		B8D190C91A7EA1170063C36C /* Resources */ = {
			isa = PBXResourcesBuildPhase;
			buildActionMask = 2147483647;
			files = (
				B86E33CB1A7EBC25006DE975 /* GoogleMaps.bundle in Resources */,
			);
			runOnlyForDeploymentPostprocessing = 0;
		};
/* End PBXResourcesBuildPhase section */

/* Begin PBXSourcesBuildPhase section */
		B8D190AF1A7EA1170063C36C /* Sources */ = {
			isa = PBXSourcesBuildPhase;
			buildActionMask = 2147483647;
			files = (
				B8D190BC1A7EA1170063C36C /* ios_tankuje_app.xcdatamodeld in Sources */,
				B85FA9B41A7ED5CE00147481 /* Map.swift in Sources */,
				B8C027E91A818715003BAB3F /* MainViewController.swift in Sources */,
				B871EE1C1A8001BC008C539C /* SwiftyJSON.swift in Sources */,
				B8D190B91A7EA1170063C36C /* AppDelegate.swift in Sources */,
			);
			runOnlyForDeploymentPostprocessing = 0;
		};
		B8D190C71A7EA1170063C36C /* Sources */ = {
			isa = PBXSourcesBuildPhase;
			buildActionMask = 2147483647;
			files = (
				B8D190D21A7EA1170063C36C /* ios_tankuje_appTests.swift in Sources */,
			);
			runOnlyForDeploymentPostprocessing = 0;
		};
/* End PBXSourcesBuildPhase section */

/* Begin PBXTargetDependency section */
		B8D190CD1A7EA1170063C36C /* PBXTargetDependency */ = {
			isa = PBXTargetDependency;
			target = B8D190B21A7EA1170063C36C /* ios_tankuje_app */;
			targetProxy = B8D190CC1A7EA1170063C36C /* PBXContainerItemProxy */;
		};
/* End PBXTargetDependency section */

/* Begin PBXVariantGroup section */
		B8D190BF1A7EA1170063C36C /* Main.storyboard */ = {
			isa = PBXVariantGroup;
			children = (
				B8D190C01A7EA1170063C36C /* Base */,
			);
			name = Main.storyboard;
			sourceTree = "<group>";
		};
		B8D190C41A7EA1170063C36C /* LaunchScreen.xib */ = {
			isa = PBXVariantGroup;
			children = (
				B8D190C51A7EA1170063C36C /* Base */,
			);
			name = LaunchScreen.xib;
			sourceTree = "<group>";
		};
/* End PBXVariantGroup section */

/* Begin XCBuildConfiguration section */
		B8D190D31A7EA1170063C36C /* Debug */ = {
			isa = XCBuildConfiguration;
			buildSettings = {
				ALWAYS_SEARCH_USER_PATHS = NO;
				CLANG_CXX_LANGUAGE_STANDARD = "gnu++0x";
				CLANG_CXX_LIBRARY = "libc++";
				CLANG_ENABLE_MODULES = YES;
				CLANG_ENABLE_OBJC_ARC = YES;
				CLANG_WARN_BOOL_CONVERSION = YES;
				CLANG_WARN_CONSTANT_CONVERSION = YES;
				CLANG_WARN_DIRECT_OBJC_ISA_USAGE = YES_ERROR;
				CLANG_WARN_EMPTY_BODY = YES;
				CLANG_WARN_ENUM_CONVERSION = YES;
				CLANG_WARN_INT_CONVERSION = YES;
				CLANG_WARN_OBJC_ROOT_CLASS = YES_ERROR;
				CLANG_WARN_UNREACHABLE_CODE = YES;
				CLANG_WARN__DUPLICATE_METHOD_MATCH = YES;
				"CODE_SIGN_IDENTITY[sdk=iphoneos*]" = "iPhone Developer";
				COPY_PHASE_STRIP = NO;
				ENABLE_STRICT_OBJC_MSGSEND = YES;
				GCC_C_LANGUAGE_STANDARD = gnu99;
				GCC_DYNAMIC_NO_PIC = NO;
				GCC_OPTIMIZATION_LEVEL = 0;
				GCC_PREPROCESSOR_DEFINITIONS = (
					"DEBUG=1",
					"$(inherited)",
				);
				GCC_SYMBOLS_PRIVATE_EXTERN = NO;
				GCC_WARN_64_TO_32_BIT_CONVERSION = YES;
				GCC_WARN_ABOUT_RETURN_TYPE = YES_ERROR;
				GCC_WARN_UNDECLARED_SELECTOR = YES;
				GCC_WARN_UNINITIALIZED_AUTOS = YES_AGGRESSIVE;
				GCC_WARN_UNUSED_FUNCTION = YES;
				GCC_WARN_UNUSED_VARIABLE = YES;
				IPHONEOS_DEPLOYMENT_TARGET = 8.1;
				MTL_ENABLE_DEBUG_INFO = YES;
				ONLY_ACTIVE_ARCH = YES;
				SDKROOT = iphoneos;
				SWIFT_OPTIMIZATION_LEVEL = "-Onone";
				TARGETED_DEVICE_FAMILY = "1,2";
			};
			name = Debug;
		};
		B8D190D41A7EA1170063C36C /* Release */ = {
			isa = XCBuildConfiguration;
			buildSettings = {
				ALWAYS_SEARCH_USER_PATHS = NO;
				CLANG_CXX_LANGUAGE_STANDARD = "gnu++0x";
				CLANG_CXX_LIBRARY = "libc++";
				CLANG_ENABLE_MODULES = YES;
				CLANG_ENABLE_OBJC_ARC = YES;
				CLANG_WARN_BOOL_CONVERSION = YES;
				CLANG_WARN_CONSTANT_CONVERSION = YES;
				CLANG_WARN_DIRECT_OBJC_ISA_USAGE = YES_ERROR;
				CLANG_WARN_EMPTY_BODY = YES;
				CLANG_WARN_ENUM_CONVERSION = YES;
				CLANG_WARN_INT_CONVERSION = YES;
				CLANG_WARN_OBJC_ROOT_CLASS = YES_ERROR;
				CLANG_WARN_UNREACHABLE_CODE = YES;
				CLANG_WARN__DUPLICATE_METHOD_MATCH = YES;
				"CODE_SIGN_IDENTITY[sdk=iphoneos*]" = "iPhone Developer";
				COPY_PHASE_STRIP = YES;
				ENABLE_NS_ASSERTIONS = NO;
				ENABLE_STRICT_OBJC_MSGSEND = YES;
				GCC_C_LANGUAGE_STANDARD = gnu99;
				GCC_WARN_64_TO_32_BIT_CONVERSION = YES;
				GCC_WARN_ABOUT_RETURN_TYPE = YES_ERROR;
				GCC_WARN_UNDECLARED_SELECTOR = YES;
				GCC_WARN_UNINITIALIZED_AUTOS = YES_AGGRESSIVE;
				GCC_WARN_UNUSED_FUNCTION = YES;
				GCC_WARN_UNUSED_VARIABLE = YES;
				IPHONEOS_DEPLOYMENT_TARGET = 8.1;
				MTL_ENABLE_DEBUG_INFO = NO;
				SDKROOT = iphoneos;
				TARGETED_DEVICE_FAMILY = "1,2";
				VALIDATE_PRODUCT = YES;
			};
			name = Release;
		};
		B8D190D61A7EA1170063C36C /* Debug */ = {
			isa = XCBuildConfiguration;
			buildSettings = {
				ASSETCATALOG_COMPILER_APPICON_NAME = AppIcon;
				CLANG_ENABLE_MODULES = YES;
				CODE_SIGN_IDENTITY = "iPhone Developer";
				"CODE_SIGN_IDENTITY[sdk=iphoneos*]" = "iPhone Developer";
				FRAMEWORK_SEARCH_PATHS = (
					"$(inherited)",
					"$(PROJECT_DIR)",
				);
				INFOPLIST_FILE = ios_tankuje_app/Info.plist;
				LD_RUNPATH_SEARCH_PATHS = "$(inherited) @executable_path/Frameworks";
				"OTHER_LDFLAGS[arch=*]" = "-ObjC";
				PRODUCT_NAME = "$(TARGET_NAME)";
				PROVISIONING_PROFILE = "";
				SWIFT_OBJC_BRIDGING_HEADER = "ios_tankuje_app/ios_tankuje_app-Bridging-Header.h";
				SWIFT_OPTIMIZATION_LEVEL = "-Onone";
			};
			name = Debug;
		};
		B8D190D71A7EA1170063C36C /* Release */ = {
			isa = XCBuildConfiguration;
			buildSettings = {
				ASSETCATALOG_COMPILER_APPICON_NAME = AppIcon;
				CLANG_ENABLE_MODULES = YES;
				CODE_SIGN_IDENTITY = "iPhone Developer";
				"CODE_SIGN_IDENTITY[sdk=iphoneos*]" = "iPhone Developer";
				FRAMEWORK_SEARCH_PATHS = (
					"$(inherited)",
					"$(PROJECT_DIR)",
				);
				INFOPLIST_FILE = ios_tankuje_app/Info.plist;
				LD_RUNPATH_SEARCH_PATHS = "$(inherited) @executable_path/Frameworks";
				"OTHER_LDFLAGS[arch=*]" = "-ObjC";
				PRODUCT_NAME = "$(TARGET_NAME)";
				PROVISIONING_PROFILE = "";
				SWIFT_OBJC_BRIDGING_HEADER = "ios_tankuje_app/ios_tankuje_app-Bridging-Header.h";
			};
			name = Release;
		};
		B8D190D91A7EA1170063C36C /* Debug */ = {
			isa = XCBuildConfiguration;
			buildSettings = {
				BUNDLE_LOADER = "$(TEST_HOST)";
				CLANG_ENABLE_MODULES = YES;
				FRAMEWORK_SEARCH_PATHS = (
					"$(SDKROOT)/Developer/Library/Frameworks",
					"$(inherited)",
					"$(PROJECT_DIR)",
				);
				GCC_PREPROCESSOR_DEFINITIONS = (
					"DEBUG=1",
					"$(inherited)",
				);
				INFOPLIST_FILE = ios_tankuje_appTests/Info.plist;
				LD_RUNPATH_SEARCH_PATHS = "$(inherited) @executable_path/Frameworks @loader_path/Frameworks";
				PRODUCT_NAME = "$(TARGET_NAME)";
				SWIFT_OBJC_BRIDGING_HEADER = "ios_tankuje_app/ios_tankuje_appTests-Bridging-Header.h";
				SWIFT_OPTIMIZATION_LEVEL = "-Onone";
				TEST_HOST = "$(BUILT_PRODUCTS_DIR)/ios_tankuje_app.app/ios_tankuje_app";
			};
			name = Debug;
		};
		B8D190DA1A7EA1170063C36C /* Release */ = {
			isa = XCBuildConfiguration;
			buildSettings = {
				BUNDLE_LOADER = "$(TEST_HOST)";
				CLANG_ENABLE_MODULES = YES;
				FRAMEWORK_SEARCH_PATHS = (
					"$(SDKROOT)/Developer/Library/Frameworks",
					"$(inherited)",
					"$(PROJECT_DIR)",
				);
				INFOPLIST_FILE = ios_tankuje_appTests/Info.plist;
				LD_RUNPATH_SEARCH_PATHS = "$(inherited) @executable_path/Frameworks @loader_path/Frameworks";
				PRODUCT_NAME = "$(TARGET_NAME)";
				SWIFT_OBJC_BRIDGING_HEADER = "ios_tankuje_app/ios_tankuje_appTests-Bridging-Header.h";
				TEST_HOST = "$(BUILT_PRODUCTS_DIR)/ios_tankuje_app.app/ios_tankuje_app";
			};
			name = Release;
		};
/* End XCBuildConfiguration section */

/* Begin XCConfigurationList section */
		B8D190AE1A7EA1170063C36C /* Build configuration list for PBXProject "ios_tankuje_app" */ = {
			isa = XCConfigurationList;
			buildConfigurations = (
				B8D190D31A7EA1170063C36C /* Debug */,
				B8D190D41A7EA1170063C36C /* Release */,
			);
			defaultConfigurationIsVisible = 0;
			defaultConfigurationName = Release;
		};
		B8D190D51A7EA1170063C36C /* Build configuration list for PBXNativeTarget "ios_tankuje_app" */ = {
			isa = XCConfigurationList;
			buildConfigurations = (
				B8D190D61A7EA1170063C36C /* Debug */,
				B8D190D71A7EA1170063C36C /* Release */,
			);
			defaultConfigurationIsVisible = 0;
			defaultConfigurationName = Release;
		};
		B8D190D81A7EA1170063C36C /* Build configuration list for PBXNativeTarget "ios_tankuje_appTests" */ = {
			isa = XCConfigurationList;
			buildConfigurations = (
				B8D190D91A7EA1170063C36C /* Debug */,
				B8D190DA1A7EA1170063C36C /* Release */,
			);
			defaultConfigurationIsVisible = 0;
			defaultConfigurationName = Release;
		};
/* End XCConfigurationList section */

/* Begin XCVersionGroup section */
		B8D190BA1A7EA1170063C36C /* ios_tankuje_app.xcdatamodeld */ = {
			isa = XCVersionGroup;
			children = (
				B8D190BB1A7EA1170063C36C /* ios_tankuje_app.xcdatamodel */,
			);
			currentVersion = B8D190BB1A7EA1170063C36C /* ios_tankuje_app.xcdatamodel */;
			path = ios_tankuje_app.xcdatamodeld;
			sourceTree = "<group>";
			versionGroupType = wrapper.xcdatamodel;
		};
/* End XCVersionGroup section */
	};
	rootObject = B8D190AB1A7EA1170063C36C /* Project object */;
}
